
Microsoft Visual Studio Solution File, Format Version 12.00
# Visual Studio Version 17
VisualStudioVersion = 17.0.32014.148
MinimumVisualStudioVersion = 10.0.40219.1
Project("{9A19103F-16F7-4668-BE54-9A1E7A4F7556}") = "AppClimate", "AppClimate\AppClimate.csproj", "{EDAE745D-11D5-4CE1-8A1E-30A14C758ED4}"
EndProject
Project("{9A19103F-16F7-4668-BE54-9A1E7A4F7556}") = "Domain", "Domain\Domain.csproj", "{A29D7F3E-B5BA-4140-ADE8-08FCEE512489}"
EndProject
Project("{FAE04EC0-301F-11D3-BF4B-00C04F79EFBC}") = "Infraesctructure", "Infraesctructure\Infraesctructure.csproj", "{858B037A-65D0-4088-B18C-FFAD87156D97}"
EndProject
Project("{FAE04EC0-301F-11D3-BF4B-00C04F79EFBC}") = "AppCore", "AppCore\AppCore.csproj", "{BBF928C8-9572-427C-B58A-B2D55B34B7BC}"
EndProject
Global
	GlobalSection(SolutionConfigurationPlatforms) = preSolution
		Debug|Any CPU = Debug|Any CPU
		Release|Any CPU = Release|Any CPU
	EndGlobalSection
	GlobalSection(ProjectConfigurationPlatforms) = postSolution
		{EDAE745D-11D5-4CE1-8A1E-30A14C758ED4}.Debug|Any CPU.ActiveCfg = Debug|Any CPU
		{EDAE745D-11D5-4CE1-8A1E-30A14C758ED4}.Debug|Any CPU.Build.0 = Debug|Any CPU
		{EDAE745D-11D5-4CE1-8A1E-30A14C758ED4}.Release|Any CPU.ActiveCfg = Release|Any CPU
		{EDAE745D-11D5-4CE1-8A1E-30A14C758ED4}.Release|Any CPU.Build.0 = Release|Any CPU
		{A29D7F3E-B5BA-4140-ADE8-08FCEE512489}.Debug|Any CPU.ActiveCfg = Debug|Any CPU
		{A29D7F3E-B5BA-4140-ADE8-08FCEE512489}.Debug|Any CPU.Build.0 = Debug|Any CPU
		{A29D7F3E-B5BA-4140-ADE8-08FCEE512489}.Release|Any CPU.ActiveCfg = Release|Any CPU
		{A29D7F3E-B5BA-4140-ADE8-08FCEE512489}.Release|Any CPU.Build.0 = Release|Any CPU
		{858B037A-65D0-4088-B18C-FFAD87156D97}.Debug|Any CPU.ActiveCfg = Debug|Any CPU
		{858B037A-65D0-4088-B18C-FFAD87156D97}.Debug|Any CPU.Build.0 = Debug|Any CPU
		{858B037A-65D0-4088-B18C-FFAD87156D97}.Release|Any CPU.ActiveCfg = Release|Any CPU
		{858B037A-65D0-4088-B18C-FFAD87156D97}.Release|Any CPU.Build.0 = Release|Any CPU
		{BBF928C8-9572-427C-B58A-B2D55B34B7BC}.Debug|Any CPU.ActiveCfg = Debug|Any CPU
		{BBF928C8-9572-427C-B58A-B2D55B34B7BC}.Debug|Any CPU.Build.0 = Debug|Any CPU
		{BBF928C8-9572-427C-B58A-B2D55B34B7BC}.Release|Any CPU.ActiveCfg = Release|Any CPU
		{BBF928C8-9572-427C-B58A-B2D55B34B7BC}.Release|Any CPU.Build.0 = Release|Any CPU
	EndGlobalSection
	GlobalSection(SolutionProperties) = preSolution
		HideSolutionNode = FALSE
	EndGlobalSection
	GlobalSection(ExtensibilityGlobals) = postSolution
		SolutionGuid = {D42A77F3-BE7C-4EAA-AE52-65A6C9FF9C4A}
	EndGlobalSection
EndGlobal
